{
    "_meta": {
        "hash": {
            "sha256": "06394c881d86077659717a4ba227dd3f3252a889242755403bbd53a3d7fc2ade"
        },
        "pipfile-spec": 6,
        "requires": {
            "python_version": "3.11"
        },
        "sources": [
            {
                "name": "pypi",
                "url": "https://pypi.python.org/simple",
                "verify_ssl": true
            }
        ]
    },
    "default": {
        "colorama": {
            "hashes": [
                "sha256:08695f5cb7ed6e0531a20572697297273c47b8cae5a63ffc6d6ed5c201be6e44",
                "sha256:4f1d9991f5acc0ca119f9d443620b77f9d6b33703e51011c16baf57afb285fc6"
            ],
            "markers": "python_version >= '2.7' and python_version not in '3.0, 3.1, 3.2, 3.3, 3.4, 3.5, 3.6'",
            "version": "==0.4.6"
        },
        "commonmark": {
            "hashes": [
                "sha256:452f9dc859be7f06631ddcb328b6919c67984aca654e5fefb3914d54691aed60",
                "sha256:da2f38c92590f83de410ba1a3cbceafbc74fee9def35f9251ba9a971d6d66fd9"
            ],
            "version": "==0.9.1"
        },
        "pygments": {
            "hashes": [
                "sha256:b27c2826c47d0f3219f29554824c30c5e8945175d888647acd804ddd04af846c",
                "sha256:da46cec9fd2de5be3a8a784f434e4c4ab670b4ff54d605c4c2717e9d49c4c367"
            ],
            "markers": "python_version >= '3.7'",
            "version": "==2.17.2"
        },
        "rich": {
            "hashes": [
                "sha256:0b8cbcb0b8d476a7f002feaed9f35e51615f673c6c291d76ddf0c555574fd3c7",
                "sha256:bacf58b25fea6b920446fe4e7abdc6c7664c4530c4098e7a1bc79b16b8551dfa"
            ],
            "markers": "python_version >= '3.6' and python_version < '4.0'",
            "version": "==10.10.0"
        },
        "unsilence": {
            "hashes": [
                "sha256:201dac8235a00b8af5ee4ab64c49a7732cda79469955d2152586420c816aa55e",
                "sha256:aee6367b8a016e60316642cfaf65d88ddf2d0246a1bf096d0a0d6d5394964fe1"
            ],
            "index": "pypi",
            "version": "==1.0.9"
        }
    },
    "develop": {}
}
